dependencies:
- name: keycloak
  repository: oci://registry-1.docker.io/bitnamicharts
  version: 22.2.6
- name: postgresql
  repository: oci://registry-1.docker.io/bitnamicharts
  version: 15.5.38
- name: web-modeler-postgresql
  repository: file://../web-modeler-postgresql-15
  version: 15.5.28
- name: elasticsearch
  repository: oci://registry-1.docker.io/bitnamicharts
  version: 21.4.5
- name: common
  repository: oci://registry-1.docker.io/bitnamicharts
  version: 2.29.1
digest: sha256:c47306933cdcbdfccd9d737f65785a733cf8c5bcf6fe75b061a5f8b602689a25
generated: "2025-02-13T15:21:04.911924393Z"
